
Microsoft Visual Studio Solution File, Format Version 12.00
# Visual Studio Version 17
VisualStudioVersion = 17.14.36310.24 d17.14
MinimumVisualStudioVersion = 10.0.40219.1
Project("{FAE04EC0-301F-11D3-BF4B-00C04F79EFBC}") = "HelloWorld", "HelloWorld.csproj", "{AD506EE0-726E-43C2-AF59-30D57B2754FE}"
EndProject
Global
	GlobalSection(SolutionConfigurationPlatforms) = preSolution
		Debug|Any CPU = Debug|Any CPU
		Release|Any CPU = Release|Any CPU
	EndGlobalSection
	GlobalSection(ProjectConfigurationPlatforms) = postSolution
		{AD506EE0-726E-43C2-AF59-30D57B2754FE}.Debug|Any CPU.ActiveCfg = Debug|Any CPU
		{AD506EE0-726E-43C2-AF59-30D57B2754FE}.Debug|Any CPU.Build.0 = Debug|Any CPU
		{AD506EE0-726E-43C2-AF59-30D57B2754FE}.Debug|Any CPU.Deploy.0 = Debug|Any CPU
		{AD506EE0-726E-43C2-AF59-30D57B2754FE}.Release|Any CPU.ActiveCfg = Release|Any CPU
		{AD506EE0-726E-43C2-AF59-30D57B2754FE}.Release|Any CPU.Build.0 = Release|Any CPU
		{AD506EE0-726E-43C2-AF59-30D57B2754FE}.Release|Any CPU.Deploy.0 = Release|Any CPU
	EndGlobalSection
	GlobalSection(SolutionProperties) = preSolution
		HideSolutionNode = FALSE
	EndGlobalSection
	GlobalSection(ExtensibilityGlobals) = postSolution
		SolutionGuid = {E0AB6CE7-280A-4622-82CA-8B6DCBD9D09D}
	EndGlobalSection
EndGlobal
